
Microsoft Visual Studio Solution File, Format Version 12.00
Project("{FAE04EC0-301F-11D3-BF4B-00C04F79EFBC}") = "Calculator", "Calculator\Calculator.csproj", "{000AA06E-4CB2-44DE-9E63-B6AAE68C49AA}"
EndProject
Global
	GlobalSection(SolutionConfigurationPlatforms) = preSolution
		Debug|Any CPU = Debug|Any CPU
		Release|Any CPU = Release|Any CPU
	EndGlobalSection
	GlobalSection(ProjectConfigurationPlatforms) = postSolution
		{000AA06E-4CB2-44DE-9E63-B6AAE68C49AA}.Debug|Any CPU.ActiveCfg = Debug|Any CPU
		{000AA06E-4CB2-44DE-9E63-B6AAE68C49AA}.Debug|Any CPU.Build.0 = Debug|Any CPU
		{000AA06E-4CB2-44DE-9E63-B6AAE68C49AA}.Release|Any CPU.ActiveCfg = Release|Any CPU
		{000AA06E-4CB2-44DE-9E63-B6AAE68C49AA}.Release|Any CPU.Build.0 = Release|Any CPU
	EndGlobalSection
EndGlobal
